
Microsoft Visual Studio Solution File, Format Version 12.00
# Visual Studio Version 17
VisualStudioVersion = 17.5.002.0
MinimumVisualStudioVersion = 10.0.40219.1
Project("{9A19103F-16F7-4668-BE54-9A1E7A4F7556}") = "Projeto_Aulas", "Projeto_Aulas.csproj", "{8049D935-FF00-421F-BB18-617A7EC1426C}"
EndProject
Global
	GlobalSection(SolutionConfigurationPlatforms) = preSolution
		Debug|Any CPU = Debug|Any CPU
		Release|Any CPU = Release|Any CPU
	EndGlobalSection
	GlobalSection(ProjectConfigurationPlatforms) = postSolution
		{8049D935-FF00-421F-BB18-617A7EC1426C}.Debug|Any CPU.ActiveCfg = Debug|Any CPU
		{8049D935-FF00-421F-BB18-617A7EC1426C}.Debug|Any CPU.Build.0 = Debug|Any CPU
		{8049D935-FF00-421F-BB18-617A7EC1426C}.Release|Any CPU.ActiveCfg = Release|Any CPU
		{8049D935-FF00-421F-BB18-617A7EC1426C}.Release|Any CPU.Build.0 = Release|Any CPU
	EndGlobalSection
	GlobalSection(SolutionProperties) = preSolution
		HideSolutionNode = FALSE
	EndGlobalSection
	GlobalSection(ExtensibilityGlobals) = postSolution
		SolutionGuid = {4D13C198-1406-4BB5-8328-4931684E3AE8}
	EndGlobalSection
EndGlobal
